
Microsoft Visual Studio Solution File, Format Version 12.00
# Visual Studio Version 16
VisualStudioVersion = 16.0.30804.86
MinimumVisualStudioVersion = 10.0.40219.1
Project("{FAE04EC0-301F-11D3-BF4B-00C04F79EFBC}") = "Book", "Book\Book.csproj", "{706555AE-6F8D-4515-A256-A6AE66752229}"
EndProject
Project("{FAE04EC0-301F-11D3-BF4B-00C04F79EFBC}") = "Money,Money,Money", "Money,Money,Money\Money,Money,Money.csproj", "{F0E952F1-DD8D-43C0-94D1-25BCE8E72D82}"
EndProject
Project("{FAE04EC0-301F-11D3-BF4B-00C04F79EFBC}") = "Geometric Figures", "Geometric Figures\Geometric Figures.csproj", "{66AD5EE9-E585-4552-9BA8-F9E581078E16}"
EndProject
Project("{FAE04EC0-301F-11D3-BF4B-00C04F79EFBC}") = "Bookmark Manager(extra)", "Bookmark Manager (extra)\Bookmark Manager(extra).csproj", "{0522FBF9-7B38-43A7-8366-3EDFF26C8FA3}"
EndProject
Project("{FAE04EC0-301F-11D3-BF4B-00C04F79EFBC}") = "Dierentuin", "Dierentuin\Dierentuin.csproj", "{D11B53CE-15DF-4775-A949-DE1C56FFC601}"
EndProject
Global
	GlobalSection(SolutionConfigurationPlatforms) = preSolution
		Debug|Any CPU = Debug|Any CPU
		Release|Any CPU = Release|Any CPU
	EndGlobalSection
	GlobalSection(ProjectConfigurationPlatforms) = postSolution
		{706555AE-6F8D-4515-A256-A6AE66752229}.Debug|Any CPU.ActiveCfg = Debug|Any CPU
		{706555AE-6F8D-4515-A256-A6AE66752229}.Debug|Any CPU.Build.0 = Debug|Any CPU
		{706555AE-6F8D-4515-A256-A6AE66752229}.Release|Any CPU.ActiveCfg = Release|Any CPU
		{706555AE-6F8D-4515-A256-A6AE66752229}.Release|Any CPU.Build.0 = Release|Any CPU
		{F0E952F1-DD8D-43C0-94D1-25BCE8E72D82}.Debug|Any CPU.ActiveCfg = Debug|Any CPU
		{F0E952F1-DD8D-43C0-94D1-25BCE8E72D82}.Debug|Any CPU.Build.0 = Debug|Any CPU
		{F0E952F1-DD8D-43C0-94D1-25BCE8E72D82}.Release|Any CPU.ActiveCfg = Release|Any CPU
		{F0E952F1-DD8D-43C0-94D1-25BCE8E72D82}.Release|Any CPU.Build.0 = Release|Any CPU
		{66AD5EE9-E585-4552-9BA8-F9E581078E16}.Debug|Any CPU.ActiveCfg = Debug|Any CPU
		{66AD5EE9-E585-4552-9BA8-F9E581078E16}.Debug|Any CPU.Build.0 = Debug|Any CPU
		{66AD5EE9-E585-4552-9BA8-F9E581078E16}.Release|Any CPU.ActiveCfg = Release|Any CPU
		{66AD5EE9-E585-4552-9BA8-F9E581078E16}.Release|Any CPU.Build.0 = Release|Any CPU
		{0522FBF9-7B38-43A7-8366-3EDFF26C8FA3}.Debug|Any CPU.ActiveCfg = Debug|Any CPU
		{0522FBF9-7B38-43A7-8366-3EDFF26C8FA3}.Debug|Any CPU.Build.0 = Debug|Any CPU
		{0522FBF9-7B38-43A7-8366-3EDFF26C8FA3}.Release|Any CPU.ActiveCfg = Release|Any CPU
		{0522FBF9-7B38-43A7-8366-3EDFF26C8FA3}.Release|Any CPU.Build.0 = Release|Any CPU
		{D11B53CE-15DF-4775-A949-DE1C56FFC601}.Debug|Any CPU.ActiveCfg = Debug|Any CPU
		{D11B53CE-15DF-4775-A949-DE1C56FFC601}.Debug|Any CPU.Build.0 = Debug|Any CPU
		{D11B53CE-15DF-4775-A949-DE1C56FFC601}.Release|Any CPU.ActiveCfg = Release|Any CPU
		{D11B53CE-15DF-4775-A949-DE1C56FFC601}.Release|Any CPU.Build.0 = Release|Any CPU
	EndGlobalSection
	GlobalSection(SolutionProperties) = preSolution
		HideSolutionNode = FALSE
	EndGlobalSection
	GlobalSection(ExtensibilityGlobals) = postSolution
		SolutionGuid = {D065F3A4-D8B5-4575-A6AA-37AC9D0BCBA3}
	EndGlobalSection
EndGlobal
